
Microsoft Visual Studio Solution File, Format Version 12.00
# Visual Studio Version 16
VisualStudioVersion = 16.0.31205.134
MinimumVisualStudioVersion = 10.0.40219.1
Project("{FAE04EC0-301F-11D3-BF4B-00C04F79EFBC}") = "Lib", "Lib\Lib.csproj", "{7A6974B4-1894-40B7-BADA-3A7E62C1939B}"
EndProject
Project("{FAE04EC0-301F-11D3-BF4B-00C04F79EFBC}") = "Tests", "Tests\Tests.csproj", "{3D6D392F-DEB6-46CA-B9BD-8664520EBD0E}"
EndProject
Global
	GlobalSection(SolutionConfigurationPlatforms) = preSolution
		Debug|Any CPU = Debug|Any CPU
		Release|Any CPU = Release|Any CPU
	EndGlobalSection
	GlobalSection(ProjectConfigurationPlatforms) = postSolution
		{7A6974B4-1894-40B7-BADA-3A7E62C1939B}.Debug|Any CPU.ActiveCfg = Debug|Any CPU
		{7A6974B4-1894-40B7-BADA-3A7E62C1939B}.Debug|Any CPU.Build.0 = Debug|Any CPU
		{7A6974B4-1894-40B7-BADA-3A7E62C1939B}.Release|Any CPU.ActiveCfg = Release|Any CPU
		{7A6974B4-1894-40B7-BADA-3A7E62C1939B}.Release|Any CPU.Build.0 = Release|Any CPU
		{3D6D392F-DEB6-46CA-B9BD-8664520EBD0E}.Debug|Any CPU.ActiveCfg = Debug|Any CPU
		{3D6D392F-DEB6-46CA-B9BD-8664520EBD0E}.Debug|Any CPU.Build.0 = Debug|Any CPU
		{3D6D392F-DEB6-46CA-B9BD-8664520EBD0E}.Release|Any CPU.ActiveCfg = Release|Any CPU
		{3D6D392F-DEB6-46CA-B9BD-8664520EBD0E}.Release|Any CPU.Build.0 = Release|Any CPU
	EndGlobalSection
	GlobalSection(SolutionProperties) = preSolution
		HideSolutionNode = FALSE
	EndGlobalSection
	GlobalSection(ExtensibilityGlobals) = postSolution
		SolutionGuid = {79B3D3A0-C614-41BA-8D34-8CD3F8FBBBA7}
	EndGlobalSection
EndGlobal
